github.com/DATA-DOG/go-sqlmock v1.5.0 h1:Shsta01QNfFxHCfpW6YH2STWB0MudeXXEWMr20OEh60=
github.com/DATA-DOG/go-sqlmock v1.5.0/go.mod h1:f/Ixk793poVmq4qj/V1dPUg2JEAKC73Q5eFN3EC/SaM=
github.com/Rican7/conjson v0.1.0 h1:8dNZzdy1mzwo9LOideWcOyY3PbKdsJPF7hj31/mrIiw=
github.com/Rican7/conjson v0.1.0/go.mod h1:CL1oWzzC9Ox36F2ghCPmtNpdW/ZKRunAc4dEoCL4Qyc=
github.com/alexflint/go-arg v1.5.1 h1:nBuWUCpuRy0snAG+uIJ6N0UvYxpxA0/ghA/AaHxlT8Y=
github.com/alexflint/go-arg v1.5.1/go.mod h1:A7vTJzvjoaSTypg4biM5uYNTkJ27SkNTArtYXnlqVO8=
github.com/alexflint/go-scalar v1.2.0 h1:WR7JPKkeNpnYIOfHRa7ivM21aWAdHD0gEWHCx+WQBRw=
github.com/alexflint/go-scalar v1.2.0/go.mod h1:LoFvNMqS1CPrMVltza4LvnGKhaSpc3oyLEBUZVhhS2o=
github.com/bahlo/generic-list-go v0.2.0 h1:5sz/EEAK+ls5wF+NeqDpk5+iNdMDXrh3z3nPnH1Wvgk=
github.com/bahlo/generic-list-go v0.2.0/go.mod h1:2KvAjgMlE5NNynlg/5iLrrCCZ2+5xWbdbCW3pNTGyYg=
github.com/buger/jsonparser v1.1.1 h1:2PnMjfWD7wBILjqQbt530v576A/cAbQvEW9gGIpYMUs=
github.com/buger/jsonparser v1.1.1/go.mod h1:6RYKKt7H4d4+iWqouImQ9R2FZql3VbhNgx27UK13J/0=
github.com/davecgh/go-spew v1.1.0/go.mod h1:J7Y8YcW2NihsgmVo/mv3lAwl/skON4iLHjSsI+c5H38=
github.com/davecgh/go-spew v1.1.1/go.mod h1:J7Y8YcW2NihsgmVo/mv3lAwl/skON4iLHjSsI+c5H38=
github.com/davecgh/go-spew v1.1.2-0.20180830191138-d8f796af33cc h1:U9qPSI2PIWSS1VwoXQT9A3Wy9MM3WgvqSxFWenqJduM=
github.com/davecgh/go-spew v1.1.2-0.20180830191138-d8f796af33cc/go.mod h1:J7Y8YcW2NihsgmVo/mv3lAwl/skON4iLHjSsI+c5H38=
github.com/denisenkom/go-mssqldb v0.10.0/go.mod h1:xbL0rPBG9cCiLr28tMa8zpbdarY27NDyej4t/EjAShU=
github.com/doug-martin/goqu/v9 v9.19.0 h1:PD7t1X3tRcUiSdc5TEyOFKujZA5gs3VSA7wxSvBx7qo=
github.com/doug-martin/goqu/v9 v9.19.0/go.mod h1:nf0Wc2/hV3gYK9LiyqIrzBEVGlI8qW3GuDCEobC4wBQ=
github.com/felixge/httpsnoop v1.0.4 h1:NFTV2Zj1bL4mc9sqWACXbQFVBBg2W3GPvqp8/ESS2Wg=
github.com/felixge/httpsnoop v1.0.4/go.mod h1:m8KPJKqk1gH5J9DgRY2ASl2lWCfGKXixSwevea8zH2U=
github.com/fsnotify/fsnotify v1.6.0 h1:n+5WquG0fcWoWp6xPWfHdbskMCQaFnG6PfBrh1Ky4HY=
github.com/fsnotify/fsnotify v1.6.0/go.mod h1:sl3t1tCWJFWoRz9R8WJCbQihKKwmorjAbSClcnxKAGw=
github.com/gabriel-vasile/mimetype v1.4.8 h1:FfZ3gj38NjllZIeJAmMhr+qKL8Wu+nOoI3GqacKw1NM=
github.com/gabriel-vasile/mimetype v1.4.8/go.mod h1:ByKUIKGjh1ODkGM1asKUbQZOLGrPjydw3hYPU2YU9t8=
github.com/go-logr/logr v1.2.2/go.mod h1:jdQByPbusPIv2/zmleS9BjJVeZ6kBagPoEUsqbVz/1A=
github.com/go-logr/logr v1.2.3/go.mod h1:jdQByPbusPIv2/zmleS9BjJVeZ6kBagPoEUsqbVz/1A=
github.com/go-logr/stdr v1.2.2/go.mod h1:mMo/vtBO5dYbehREoey6XUKy/eSumjCCveDpRre4VKE=
github.com/go-playground/assert/v2 v2.2.0 h1:JvknZsQTYeFEAhQwI4qEt9cyV5ONwRHC+lYKSsYSR8s=
github.com/go-playground/assert/v2 v2.2.0/go.mod h1:VDjEfimB/XKnb+ZQfWdccd7VUvScMdVu0Titje2rxJ4=
github.com/go-playground/locales v0.14.1 h1:EWaQ/wswjilfKLTECiXz7Rh+3BjFhfDFKv/oXslEjJA=
github.com/go-playground/locales v0.14.1/go.mod h1:hxrqLVvrK65+Rwrd5Fc6F2O76J/NuW9t0sjnWqG1slY=
github.com/go-playground/universal-translator v0.18.1 h1:Bcnm0ZwsGyWbCzImXv+pAJnYK9S473LQFuzCbDbfSFY=
github.com/go-playground/universal-translator v0.18.1/go.mod h1:xekY+UJKNuX9WP91TpwSH2VMlDf28Uj24BCp08ZFTUY=
github.com/go-playground/validator/v10 v10.25.0 h1:5Dh7cjvzR7BRZadnsVOzPhWsrwUr0nmsZJxEAnFLNO8=
github.com/go-playground/validator/v10 v10.25.0/go.mod h1:GGzBIJMuE98Ic/kJsBXbz1x/7cByt++cQ+YOuDM5wus=
github.com/go-sql-driver/mysql v1.6.0/go.mod h1:DCzpHaOWr8IXmIStZouvnhqoel9Qv2LBy8hT2VhHyBg=
github.com/golang-sql/civil v0.0.0-20190719163853-cb61b32ac6fe/go.mod h1:8vg3r2VgvsThLBIFL93Qb5yWzgyZWhEmBwUJWevAkK0=
github.com/google/go-cmp v0.5.7/go.mod h1:n+brtR0CgQNWTVd5ZUFpTBC8YFBDLK/h/bpaJ8/DtOE=
github.com/google/uuid v1.6.0 h1:NIvaJDMOsjHA8n1jAhLSgzrAzy1Hgr+hNrb57e+94F0=
github.com/google/uuid v1.6.0/go.mod h1:TIyPZe4MgqvfeYDBFedMoGGpEw/LqOeaOT+nhxU+yHo=
github.com/gorilla/handlers v1.5.2 h1:cLTUSsNkgcwhgRqvCNmdbRWG0A3N4F+M2nWKdScwyEE=
github.com/gorilla/handlers v1.5.2/go.mod h1:dX+xVpaxdSw+q0Qek8SSsl3dfMk3jNddUkMzo0GtH0w=
github.com/gorilla/mux v1.8.1 h1:TuBL49tXwgrFYWhqrNgrUNEY92u81SPhu7sTdzQEiWY=
github.com/gorilla/mux v1.8.1/go.mod h1:AKf9I4AEqPTmMytcMc0KkNouC66V3BtZ4qD5fmWSiMQ=
github.com/graph-gophers/graphql-go v1.5.0 h1:fDqblo50TEpD0LY7RXk/LFVYEVqo3+tXMNMPSVXA1yc=
github.com/graph-gophers/graphql-go v1.5.0/go.mod h1:YtmJZDLbF1YYNrlNAuiO5zAStUWc3XZT07iGsVqe1Os=
github.com/huandu/go-assert v1.1.6 h1:oaAfYxq9KNDi9qswn/6aE0EydfxSa+tWZC1KabNitYs=
github.com/huandu/go-assert v1.1.6/go.mod h1:JuIfbmYG9ykwvuxoJ3V8TB5QP+3+ajIA54Y44TmkMxs=
github.com/huandu/go-sqlbuilder v1.34.0 h1:m0l8JVVUfABCWOur3wldQ3X97WXuvvr/4UBACp7+f3s=
github.com/huandu/go-sqlbuilder v1.34.0/go.mod h1:mS0GAtrtW+XL6nM2/gXHRJax2RwSW1TraavWDFAc1JA=
github.com/huandu/xstrings v1.4.0/go.mod h1:y5/lhBue+AyNmUVz9RLU9xbLR0o4KIIExikq4ovT0aE=
github.com/huandu/xstrings v1.5.0 h1:2ag3IFq9ZDANvthTwTiqSSZLjDc+BedvHPAp5tJy2TI=
github.com/huandu/xstrings v1.5.0/go.mod h1:y5/lhBue+AyNmUVz9RLU9xbLR0o4KIIExikq4ovT0aE=
github.com/iancoleman/strcase v0.3.0 h1:nTXanmYxhfFAMjZL34Ov6gkzEsSJZ5DbhxWjvSASxEI=
github.com/iancoleman/strcase v0.3.0/go.mod h1:iwCmte+B7n89clKwxIoIXy/HfoL7AsD47ZCWhYzw7ho=
github.com/invopop/jsonschema v0.13.0 h1:KvpoAJWEjR3uD9Kbm2HWJmqsEaHt8lBUpd0qHcIi21E=
github.com/invopop/jsonschema v0.13.0/go.mod h1:ffZ5Km5SWWRAIN6wbDXItl95euhFz2uON45H2qjYt+0=
github.com/joho/godotenv v1.5.1 h1:7eLL/+HRGLY0ldzfGMeQkb7vMd0as4CfYvUVzLqw0N0=
github.com/joho/godotenv v1.5.1/go.mod h1:f4LDr5Voq0i2e/R5DDNOoa2zzDfwtkZa6DnEwAbqwq4=
github.com/kr/pretty v0.3.1 h1:flRD4NNwYAUpkphVc1HcthR4KEIFJ65n8Mw5qdRn3LE=
github.com/kr/pretty v0.3.1/go.mod h1:hoEshYVHaxMs3cyo3Yncou5ZscifuDolrwPKZanG3xk=
github.com/kr/text v0.2.0 h1:5Nx0Ya0ZqY2ygV366QzturHI13Jq95ApcVaJBhpS+AY=
github.com/kr/text v0.2.0/go.mod h1:eLer722TekiGuMkidMxC/pM04lWEeraHUUmBw8l2grE=
github.com/leodido/go-urn v1.4.0 h1:WT9HwE9SGECu3lg4d/dIA+jxlljEa1/ffXKmRjqdmIQ=
github.com/leodido/go-urn v1.4.0/go.mod h1:bvxc+MVxLKB4z00jd1z+Dvzr47oO32F/QSNjSBOlFxI=
github.com/lib/pq v1.10.1/go.mod h1:AlVN5x4E4T544tWzH6hKfbfQvm3HdbOxrmggDNAPY9o=
github.com/lib/pq v1.10.9 h1:YXG7RB+JIjhP29X+OtkiDnYaXQwpS4JEWq7dtCCRUEw=
github.com/lib/pq v1.10.9/go.mod h1:AlVN5x4E4T544tWzH6hKfbfQvm3HdbOxrmggDNAPY9o=
github.com/mailru/easyjson v0.9.0 h1:PrnmzHw7262yW8sTBwxi1PdJA3Iw/EKBa8psRf7d9a4=
github.com/mailru/easyjson v0.9.0/go.mod h1:1+xMtQp2MRNVL/V1bOzuP3aP8VNwRW55fQUto+XFtTU=
github.com/mattn/go-sqlite3 v1.14.7/go.mod h1:NyWgC/yNuGj7Q9rpYnZvas74GogHl5/Z4A/KQRfk6bU=
github.com/opentracing/opentracing-go v1.2.0/go.mod h1:GxEUsuufX4nBwe+T+Wl9TAgYrxe9dPLANfrWvHYVTgc=
github.com/pmezard/go-difflib v1.0.0/go.mod h1:iKH77koFhYxTK1pcRnkKkqfTogsbg7gZNVY4sRDYZ/4=
github.com/pmezard/go-difflib v1.0.1-0.20181226105442-5d4384ee4fb2 h1:Jamvg5psRIccs7FGNTlIRMkT8wgtp5eCXdBlqhYGL6U=
github.com/pmezard/go-difflib v1.0.1-0.20181226105442-5d4384ee4fb2/go.mod h1:iKH77koFhYxTK1pcRnkKkqfTogsbg7gZNVY4sRDYZ/4=
github.com/rogpeppe/go-internal v1.13.1 h1:KvO1DLK/DRN07sQ1LQKScxyZJuNnedQ5/wKSR38lUII=
github.com/rogpeppe/go-internal v1.13.1/go.mod h1:uMEvuHeurkdAXX61udpOXGD/AzZDWNMNyH2VO9fmH0o=
github.com/stretchr/objx v0.1.0/go.mod h1:HFkY916IF+rwdDfMAkV7OtwuqBVzrE8GR6GFx+wExME=
github.com/stretchr/objx v0.5.2 h1:xuMeJ0Sdp5ZMRXx/aWO6RZxdr3beISkG5/G/aIRr3pY=
github.com/stretchr/objx v0.5.2/go.mod h1:FRsXN1f5AsAjCGJKqEizvkpNtU+EGNCLh3NxZ/8L+MA=
github.com/stretchr/testify v1.2.2/go.mod h1:a8OnRcib4nhh0OaRAV+Yts87kKdq0PP7pXfy6kDkUVs=
github.com/stretchr/testify v1.3.0/go.mod h1:M5WIy9Dh21IEIfnGCwXGc5bZfKNJtfHm1UVUgZn+9EI=
github.com/stretchr/testify v1.7.0/go.mod h1:6Fq8oRcR53rry900zMqJjRRixrwX3KX962/h/Wwjteg=
github.com/stretchr/testify v1.7.1/go.mod h1:6Fq8oRcR53rry900zMqJjRRixrwX3KX962/h/Wwjteg=
github.com/stretchr/testify v1.10.0 h1:Xv5erBjTwe/5IxqUQTdXv5kgmIvbHo3QQyRwhJsOfJA=
github.com/stretchr/testify v1.10.0/go.mod h1:r2ic/lqez/lEtzL7wO/rwa5dbSLXVDPFyf8C91i36aY=
github.com/teamwork/reload v1.4.2 h1:e3U0xXFmhzOSgWNBuyOMOvKS2Q34YNo5bp9Z1uOujYE=
github.com/teamwork/reload v1.4.2/go.mod h1:tGCBzttv2CSfSjBTRlIdnQ4kopxrCXPGCTXeOO61SWg=
github.com/teejays/gokutil/aiutil v0.0.0-20250221194815-26d694303834 h1:uYDFgfWu/Q44k0BYFZXBfYXzQnAr54A1Mb+f/LySTg0=
github.com/teejays/gokutil/aiutil v0.0.0-20250221194815-26d694303834/go.mod h1:xX3NKL/zjdywCNgkU6G4G1lJMPx0Y/SkYQdhojwcdYI=
github.com/teejays/gokutil/client/db v0.0.0-20250221195418-677d7301fbc6 h1:wUpnBu66SiTzlZEq9eGBDjIxnabYBioZtaAQLFRcPWg=
github.com/teejays/gokutil/client/db v0.0.0-20250221195418-677d7301fbc6/go.mod h1:hRhdRobu21jkpoU2Ti2tftgkci3sKx8ErA4kec19BEc=
github.com/teejays/gokutil/client/file v0.0.0-20250221195418-677d7301fbc6 h1:JIXZo0Ew9KMqgRvvvmrDzI4Q2TvLF/LdvrCpXlw59GE=
github.com/teejays/gokutil/client/file v0.0.0-20250221195418-677d7301fbc6/go.mod h1:/mPedpd4j+kxu80T2B+sOGmZ9qjwVxGGzsnYH5Of2QE=
github.com/teejays/gokutil/clog v0.0.0-20250221194815-26d694303834 h1:+ziBj6w+sqhyI4Nk/YYI2iay5bkLmLZHyOOh4Rte6QI=
github.com/teejays/gokutil/clog v0.0.0-20250221194815-26d694303834/go.mod h1:hNo+kINeDBD0TFAXy3xxB3c9u8C2Wp4U+ZrZ8lMXp+s=
github.com/teejays/gokutil/ctxutil v0.0.0-20250221195418-677d7301fbc6 h1:91lCpzfLZCUvdqTHe43dQ01N4TY0+f9z6w6TCi4DPJ8=
github.com/teejays/gokutil/ctxutil v0.0.0-20250221195418-677d7301fbc6/go.mod h1:lv66KM8EDhaHyMlotRxCPOjqY/AEkRmznatDAR9DUXU=
github.com/teejays/gokutil/dalutil v0.0.0-20250221195418-677d7301fbc6 h1:EKeeCfAj+nxMAm8qA5FKmtvtHaoXwDKGICEED70wxmc=
github.com/teejays/gokutil/dalutil v0.0.0-20250221195418-677d7301fbc6/go.mod h1:641cLXElyzwuG+oEeVZN20cBZciJ6y4eHSd9wlUNEeQ=
github.com/teejays/gokutil/env v0.0.0-20250221195418-677d7301fbc6 h1:0HERVd7ImD1qqM/+dpfMgf2kSMCaULLe7Ml1Eu4W3Jk=
github.com/teejays/gokutil/env v0.0.0-20250221195418-677d7301fbc6/go.mod h1:Dk5Z/79bdVQY8DjMk+jM4764sTgeWVtgslKVtdYZmkE=
github.com/teejays/gokutil/errutil v0.0.0-20250221195418-677d7301fbc6 h1:ZBqd7O4Gj3eDR8hsws1N9jw4b3YFYyNeS0OgXtF6z7s=
github.com/teejays/gokutil/errutil v0.0.0-20250221195418-677d7301fbc6/go.mod h1:vHMTsROCDE9IlHDkT6iQOQbNBRHkUUfrKqezPxDseSE=
github.com/teejays/gokutil/filter v0.0.0-20250221195418-677d7301fbc6 h1:bGhr7Plc3X57o/AseRjlwr9l+ybXbE0SkyjFQGs4huw=
github.com/teejays/gokutil/filter v0.0.0-20250221195418-677d7301fbc6/go.mod h1:hOPDZenoW7UMU3xiTxBbb77d31oU70v98VvhmhIfzBA=
github.com/teejays/gokutil/gopi v0.0.0-20250221195418-677d7301fbc6 h1:itcCOknjdeoAOHOasBEwvdQcO1V08BqjAQDj+ZOlpG8=
github.com/teejays/gokutil/gopi v0.0.0-20250221195418-677d7301fbc6/go.mod h1:1BZjaXZcG4lFHqjfowf+Wl6dqvx3D4gCpNlG8lgI0Ak=
github.com/teejays/gokutil/httputil v0.0.0-20250221194815-26d694303834 h1:WqB1gzm+JCCF7Z2ouFJvgSVDFu9wB3d5BFN9EVrUwx0=
github.com/teejays/gokutil/httputil v0.0.0-20250221194815-26d694303834/go.mod h1:E8AqVdIZSflDrh0iW6/LZ6Kam8Nmku04RcG0rwzEVFM=
github.com/teejays/gokutil/jwt v0.0.0-20250221195418-677d7301fbc6 h1:X7GNsy3ckNa86KcenN6G6fS+Xw26H1uJFSJJpvQLKww=
github.com/teejays/gokutil/jwt v0.0.0-20250221195418-677d7301fbc6/go.mod h1:lHJO5M4LaPSb8ynh1dop97sv7QKnX9zA5wgj999WPQg=
github.com/teejays/gokutil/log v0.0.0-20250221195418-677d7301fbc6 h1:oib+N84nRoHAC1ZWlFnbmxCIubi/Wzj1BBMDt6Iq7jc=
github.com/teejays/gokutil/log v0.0.0-20250221195418-677d7301fbc6/go.mod h1:XUVkDk/nb1X8ZzlxfkAt7qcvReeJ/KHzxPrenoXZkLk=
github.com/teejays/gokutil/naam v0.0.0-20250221195418-677d7301fbc6 h1:PkGaMdjGvMSDNt7O00PiJ78HjFL5G5OKJzI3Art8YHs=
github.com/teejays/gokutil/naam v0.0.0-20250221195418-677d7301fbc6/go.mod h1:vilMs8zms5Mh0pyJI+DSgzmIU3puTiA/WFdtQXWSoLE=
github.com/teejays/gokutil/ogconfig v0.0.0-20250221195418-677d7301fbc6 h1:vdr6C8hQ9skun0EEPrqDMGIGmIsoXKcYFvPhkTGGTe4=
github.com/teejays/gokutil/ogconfig v0.0.0-20250221195418-677d7301fbc6/go.mod h1:BbuJnfR13/F8YYxizmzNkhu/lgfUD+1/NMfIvDtwDLQ=
github.com/teejays/gokutil/panics v0.0.0-20250221195418-677d7301fbc6 h1:xY8/gyOY/T2RqeZaFxbpx8eZKohSqJ1OqkjonSZg4ok=
github.com/teejays/gokutil/panics v0.0.0-20250221195418-677d7301fbc6/go.mod h1:02LGenLAbivQzXEl9ZHh+9ZdfrMEbJSHtChh5U4S+w4=
github.com/teejays/gokutil/scalars v0.0.0-20250221195418-677d7301fbc6 h1:SWeKzAxUE9TPxatZvwaoUlBpHvafO/4ZCj3yDAFw1RM=
github.com/teejays/gokutil/scalars v0.0.0-20250221195418-677d7301fbc6/go.mod h1:CCNSk87zloUjjammtzs+gGuKv1Cy1Mf9ifFdlzJJW+g=
github.com/teejays/gokutil/sclog v0.0.0-20250221194815-26d694303834 h1:dlSipIrcrj2xw1n6rCeJ2vzaA+WVyN+LPnKTerCFkzw=
github.com/teejays/gokutil/sclog v0.0.0-20250221194815-26d694303834/go.mod h1:0smxb0R2piLgCchr2LFWVVcN40VU4orDHAAHW2eMDGw=
github.com/teejays/gokutil/strcase v0.0.0-20250221194815-26d694303834 h1:lk/IkNAThBjxkQ7+2dUi0pDH7KDhf3/uu5KCx0/N+0Q=
github.com/teejays/gokutil/strcase v0.0.0-20250221194815-26d694303834/go.mod h1:gj+HJFVty6Siy/voFwmAQYS0QgYZf4G/nBFtCEneetM=
github.com/teejays/gokutil/types v0.0.0-20250221195418-677d7301fbc6 h1:oIktSIgp1vsWcyQM7SUd+2fI9/K/a7vQfdyjglMQLA0=
github.com/teejays/gokutil/types v0.0.0-20250221195418-677d7301fbc6/go.mod h1:utbA0jR9c+D56LIn2b5mAn6wMlwIKz8eohuZauEKVpE=
github.com/teejays/gokutil/validate v0.0.0-20250221194815-26d694303834 h1:+YcxM/uB0jJWWox3UtjB55lk4Vf9njZV4Y1x++pNAYQ=
github.com/teejays/gokutil/validate v0.0.0-20250221194815-26d694303834/go.mod h1:3miWPed3GzgoyG6j5bG/OXOCD47fbxbE4vjKKx5YeHU=
github.com/wk8/go-ordered-map/v2 v2.1.8 h1:5h/BUHu93oj4gIdvHHHGsScSTMijfx5PeYkE/fJgbpc=
github.com/wk8/go-ordered-map/v2 v2.1.8/go.mod h1:5nJHM5DyteebpVlHnWMV0rPz6Zp7+xBAnxjb1X5vnTw=
go.opentelemetry.io/otel v1.6.3/go.mod h1:7BgNga5fNlF/iZjG06hM3yofffp0ofKCDwSXx1GC4dI=
go.opentelemetry.io/otel/trace v1.6.3/go.mod h1:GNJQusJlUgZl9/TQBPKU/Y/ty+0iVB5fjhKeJGZPGFs=
golang.org/x/crypto v0.0.0-20190308221718-c2843e01d9a2/go.mod h1:djNgcEr1/C05ACkg1iLfiJU5Ep61QUkGW8qpdssI0+w=
golang.org/x/crypto v0.0.0-20190325154230-a5d413f7728c/go.mod h1:djNgcEr1/C05ACkg1iLfiJU5Ep61QUkGW8qpdssI0+w=
golang.org/x/crypto v0.0.0-20190605123033-f99c8df09eb5/go.mod h1:yigFU9vqHzYiE8UmvKecakEJjdnWj3jj499lnFckfCI=
golang.org/x/crypto v0.35.0 h1:b15kiHdrGCHrP6LvwaQ3c03kgNhhiMgvlhxHQhmg2Xs=
golang.org/x/crypto v0.35.0/go.mod h1:dy7dXNW32cAb/6/PRuTNsix8T+vJAqvuIy5Bli/x0YQ=
golang.org/x/net v0.0.0-20190404232315-eb5bcb51f2a3/go.mod h1:t9HGtf8HONx5eT2rtn7q6eTqICYqUVnKs3thJo3Qplg=
golang.org/x/net v0.35.0 h1:T5GQRQb2y08kTAByq9L4/bz8cipCdA8FbRTXewonqY8=
golang.org/x/net v0.35.0/go.mod h1:EglIi67kWsHKlRzzVMUD93VMSWGFOMSZgxFjparz1Qk=
golang.org/x/sys v0.0.0-20190215142949-d0b11bdaac8a/go.mod h1:STP8DvDyc/dI5b8T5hshtkjS+E42TnysNCUPdjciGhY=
golang.org/x/sys v0.0.0-20190412213103-97732733099d/go.mod h1:h1NjWce9XRLGQEsW7wpKNCjG9DtNlClVuFLEZdDNbEs=
golang.org/x/sys v0.0.0-20220908164124-27713097b956/go.mod h1:oPkhp1MJrh7nUepCBck5+mAzfO9JrbApNNgaTdGDITg=
golang.org/x/sys v0.30.0 h1:QjkSwP/36a20jFYWkSue1YwXzLmsV5Gfq7Eiy72C1uc=
golang.org/x/sys v0.30.0/go.mod h1:/VUhepiaJMQUp4+oa/7Zr1D23ma6VTLIYjOOTFZPUcA=
golang.org/x/term v0.29.0 h1:L6pJp37ocefwRRtYPKSWOWzOtWSxVajvz2ldH/xi3iU=
golang.org/x/term v0.29.0/go.mod h1:6bl4lRlvVuDgSf3179VpIxBF0o10JUpXWOnI7nErv7s=
golang.org/x/text v0.3.0/go.mod h1:NqM8EUOU14njkJ3fqMW+pc6Ldnwhi/IjpwHt7yyuwOQ=
golang.org/x/text v0.22.0 h1:bofq7m3/HAFvbF51jz3Q9wLg3jkvSPuiZu/pD1XwgtM=
golang.org/x/text v0.22.0/go.mod h1:YRoo4H8PVmsu+E3Ou7cqLVH8oXWIHVoX0jqUWALQhfY=
golang.org/x/xerrors v0.0.0-20191204190536-9bdfabe68543/go.mod h1:I/5z698sn9Ka8TeJc9MKroUUfqBBauWjQqLJ2OPfmY0=
gopkg.in/check.v1 v0.0.0-20161208181325-20d25e280405/go.mod h1:Co6ibVJAznAaIkqp8huTwlJQCZ016jof/cbN4VW5Yz0=
gopkg.in/check.v1 v1.0.0-20201130134442-10cb98267c6c h1:Hei/4ADfdWqJk1ZMxUNpqntNwaWcugrBjAiHlqqRiVk=
gopkg.in/check.v1 v1.0.0-20201130134442-10cb98267c6c/go.mod h1:JHkPIbrfpd72SG/EVd6muEfDQjcINNoR0C8j2r3qZ4Q=
gopkg.in/yaml.v3 v3.0.0-20200313102051-9f266ea9e77c/go.mod h1:K4uyk7z7BCEPqu6E+C64Yfv1cQ7kz7rIZviUmN+EgEM=
gopkg.in/yaml.v3 v3.0.1 h1:fxVm/GzAzEWqLHuvctI91KS9hhNmmWOoWu0XTYJS7CA=
gopkg.in/yaml.v3 v3.0.1/go.mod h1:K4uyk7z7BCEPqu6E+C64Yfv1cQ7kz7rIZviUmN+EgEM=
